
Microsoft Visual Studio Solution File, Format Version 12.00
# Visual Studio 15
VisualStudioVersion = 15.0.26730.15
MinimumVisualStudioVersion = 10.0.40219.1
Project("{FAE04EC0-301F-11D3-BF4B-00C04F79EFBC}") = "PresentationTools", "PresentationTools\PresentationTools.csproj", "{8930AF1D-1280-45E2-9376-3E67413B5051}"
EndProject
Project("{54435603-DBB4-11D2-8724-00A0C9A8B90C}") = "Installer", "Installer\Installer.vdproj", "{3A228E4B-7479-492A-B984-134122BE0470}"
EndProject
Global
	GlobalSection(SolutionConfigurationPlatforms) = preSolution
		Debug|Any CPU = Debug|Any CPU
		Release|Any CPU = Release|Any CPU
	EndGlobalSection
	GlobalSection(ProjectConfigurationPlatforms) = postSolution
		{8930AF1D-1280-45E2-9376-3E67413B5051}.Debug|Any CPU.ActiveCfg = Debug|Any CPU
		{8930AF1D-1280-45E2-9376-3E67413B5051}.Debug|Any CPU.Build.0 = Debug|Any CPU
		{8930AF1D-1280-45E2-9376-3E67413B5051}.Release|Any CPU.ActiveCfg = Release|Any CPU
		{8930AF1D-1280-45E2-9376-3E67413B5051}.Release|Any CPU.Build.0 = Release|Any CPU
		{3A228E4B-7479-492A-B984-134122BE0470}.Debug|Any CPU.ActiveCfg = Debug
		{3A228E4B-7479-492A-B984-134122BE0470}.Release|Any CPU.ActiveCfg = Release
	EndGlobalSection
	GlobalSection(SolutionProperties) = preSolution
		HideSolutionNode = FALSE
	EndGlobalSection
	GlobalSection(ExtensibilityGlobals) = postSolution
		SolutionGuid = {3CD20858-3650-4DE5-8D7D-5BD61B545263}
	EndGlobalSection
EndGlobal
